{
  "name": "node_deps_tree",
  "version": "0.1.0",
  "dependencies": {
    "colors": {
      "version": "0.5.0",
      "dependencies": {
        "mime": {
          "version": "1.2.4",
          "dependencies": {
            "colors": {
              "version": "0.6.0"
            },
            "async_testing": {
              "version": "0.3.2"
            }
          }
        }
      }
    },
    "express": {
      "version": "2.5.9",
      "dependencies": {
        "connect": {
          "version": "1.8.7",
          "dependencies": {
            "formidable": {
              "version": "1.0.9"
            }
          }
        },
        "mime": {
          "version": "1.2.4"
        },
        "qs": {
          "version": "0.4.2"
        },
        "mkdirp": {
          "version": "0.3.0"
        }
      }
    }
  }
}
